{
  "version": 4,
  "terraform_version": "1.15.7",
  "serial": 1,
  "lineage": "d65cd9b2-f61a-6efe-9dd1-ae27e149b8f5",
  "outputs": {},
  "resources": [
    {
      "mode": "managed",
      "type": "local_file",
      "name": "server_info",
      "provider": "provider[\"registry.terraform.io/hashicorp/local\"]",
      "instances": [
        {
          "schema_version": 0,
          "attributes": {
            "content": "This server was provisioned by Terraform on 2026-09-10T20:03:24Z",
            "content_base64": null,
            "content_base64sha256": "VeiYu86wXdKJ9HpTydXk99I1bMDLucUz8OXpiYSFP0A=",
            "content_base64sha512": "6UnDPh/GqjF/04LcKvbe/WHaX8Ed/8pMCWanFvxffipHCKqcHQnrqkr+hRv1cHG6oaEoET6HIjbMY5LrN1VsHg==",
            "content_md5": "dbdd2e1200675ad9b6d717cd249f2e0b",
            "content_sha1": "17d70ab01fbe1a4ce31d07b4c69dddff2333694f",
            "content_sha256": "55e898bbceb05dd289f47a53c9d5e4f7d2356cc0cbb9c533f0e5e98984853f40",
            "content_sha512": "e949c33e1fc6aa317fd382dc2af6defd61da5fc11dffca4c0966a716fc5f7e2a4708aa9c1d09ebaa4afe851bf57071baa1a128113e872236cc6392eb37556c1e",
            "directory_permission": "0777",
            "file_permission": "0777",
            "filename": "./server_info.txt",
            "id": "17d70ab01fbe1a4ce31d07b4c69dddff2333694f",
            "sensitive_content": null,
            "source": null
          },
          "sensitive_attributes": [
            [
              {
                "type": "get_attr",
                "value": "sensitive_content"
              }
            ]
          ],
          "identity_schema_version": 0
        }
      ]
    }
  ],
  "check_results": null
}
